
Microsoft Visual Studio Solution File, Format Version 12.00
# Visual Studio 2013
VisualStudioVersion = 12.0.31101.0
MinimumVisualStudioVersion = 10.0.40219.1
Project("{2150E333-8FDC-42A3-9474-1A3956D46DE8}") = "ServiceProjects", "ServiceProjects", "{A065D0D3-A7A7-4721-88C2-EBC79540B412}"
EndProject
Project("{2150E333-8FDC-42A3-9474-1A3956D46DE8}") = "UI", "UI", "{B02E2142-A0D1-4217-B240-B47260EA1A76}"
EndProject
Project("{FAE04EC0-301F-11D3-BF4B-00C04F79EFBC}") = "DifferenceMaker.WebAPI", "DifferenceMaker.WebAPI\DifferenceMaker.WebAPI.csproj", "{3656ED7D-5998-4165-A595-7FFB93D2EE90}"
EndProject
Project("{FAE04EC0-301F-11D3-BF4B-00C04F79EFBC}") = "DifferenceMaker.WebUI", "DifferenceMaker.AdminUI\DifferenceMaker.WebUI.csproj", "{6FF32573-B5F8-492C-9A68-3487D89CEE1F}"
EndProject
Project("{FAE04EC0-301F-11D3-BF4B-00C04F79EFBC}") = "DataAccess", "DataAccess\DataAccess.csproj", "{33297E87-3C1A-4B0A-9087-BAD79D042411}"
EndProject
Global
	GlobalSection(SolutionConfigurationPlatforms) = preSolution
		Debug|Any CPU = Debug|Any CPU
		Release|Any CPU = Release|Any CPU
	EndGlobalSection
	GlobalSection(ProjectConfigurationPlatforms) = postSolution
		{3656ED7D-5998-4165-A595-7FFB93D2EE90}.Debug|Any CPU.ActiveCfg = Debug|Any CPU
		{3656ED7D-5998-4165-A595-7FFB93D2EE90}.Debug|Any CPU.Build.0 = Debug|Any CPU
		{3656ED7D-5998-4165-A595-7FFB93D2EE90}.Release|Any CPU.ActiveCfg = Release|Any CPU
		{3656ED7D-5998-4165-A595-7FFB93D2EE90}.Release|Any CPU.Build.0 = Release|Any CPU
		{6FF32573-B5F8-492C-9A68-3487D89CEE1F}.Debug|Any CPU.ActiveCfg = Debug|Any CPU
		{6FF32573-B5F8-492C-9A68-3487D89CEE1F}.Debug|Any CPU.Build.0 = Debug|Any CPU
		{6FF32573-B5F8-492C-9A68-3487D89CEE1F}.Release|Any CPU.ActiveCfg = Release|Any CPU
		{6FF32573-B5F8-492C-9A68-3487D89CEE1F}.Release|Any CPU.Build.0 = Release|Any CPU
		{33297E87-3C1A-4B0A-9087-BAD79D042411}.Debug|Any CPU.ActiveCfg = Debug|Any CPU
		{33297E87-3C1A-4B0A-9087-BAD79D042411}.Debug|Any CPU.Build.0 = Debug|Any CPU
		{33297E87-3C1A-4B0A-9087-BAD79D042411}.Release|Any CPU.ActiveCfg = Release|Any CPU
		{33297E87-3C1A-4B0A-9087-BAD79D042411}.Release|Any CPU.Build.0 = Release|Any CPU
	EndGlobalSection
	GlobalSection(SolutionProperties) = preSolution
		HideSolutionNode = FALSE
	EndGlobalSection
	GlobalSection(NestedProjects) = preSolution
		{3656ED7D-5998-4165-A595-7FFB93D2EE90} = {A065D0D3-A7A7-4721-88C2-EBC79540B412}
		{6FF32573-B5F8-492C-9A68-3487D89CEE1F} = {B02E2142-A0D1-4217-B240-B47260EA1A76}
	EndGlobalSection
EndGlobal
